
Microsoft Visual Studio Solution File, Format Version 12.00
# Visual Studio 14
VisualStudioVersion = 14.0.23107.0
MinimumVisualStudioVersion = 10.0.40219.1
Project("{FAE04EC0-301F-11D3-BF4B-00C04F79EFBC}") = "MachinaAurum.Elections.Tests", "MachinaAurum.Elections.Tests\MachinaAurum.Elections.Tests.csproj", "{5342EAFD-2AAD-4C26-93EE-0EE6FE0F1AC8}"
EndProject
Project("{FAE04EC0-301F-11D3-BF4B-00C04F79EFBC}") = "MachinaAurum.Clusters", "MachinaAurum.Clusters\MachinaAurum.Clusters.csproj", "{B754BB46-1F32-486D-92D8-CCC66C0E9242}"
EndProject
Global
	GlobalSection(SolutionConfigurationPlatforms) = preSolution
		Debug|Any CPU = Debug|Any CPU
		Release|Any CPU = Release|Any CPU
	EndGlobalSection
	GlobalSection(ProjectConfigurationPlatforms) = postSolution
		{5342EAFD-2AAD-4C26-93EE-0EE6FE0F1AC8}.Debug|Any CPU.ActiveCfg = Debug|Any CPU
		{5342EAFD-2AAD-4C26-93EE-0EE6FE0F1AC8}.Debug|Any CPU.Build.0 = Debug|Any CPU
		{5342EAFD-2AAD-4C26-93EE-0EE6FE0F1AC8}.Release|Any CPU.ActiveCfg = Release|Any CPU
		{5342EAFD-2AAD-4C26-93EE-0EE6FE0F1AC8}.Release|Any CPU.Build.0 = Release|Any CPU
		{B754BB46-1F32-486D-92D8-CCC66C0E9242}.Debug|Any CPU.ActiveCfg = Debug|Any CPU
		{B754BB46-1F32-486D-92D8-CCC66C0E9242}.Debug|Any CPU.Build.0 = Debug|Any CPU
		{B754BB46-1F32-486D-92D8-CCC66C0E9242}.Release|Any CPU.ActiveCfg = Release|Any CPU
		{B754BB46-1F32-486D-92D8-CCC66C0E9242}.Release|Any CPU.Build.0 = Release|Any CPU
	EndGlobalSection
	GlobalSection(SolutionProperties) = preSolution
		HideSolutionNode = FALSE
	EndGlobalSection
EndGlobal
